
Microsoft Visual Studio Solution File, Format Version 12.00
# Visual Studio Version 17
VisualStudioVersion = 17.6.33815.320
MinimumVisualStudioVersion = 10.0.40219.1
Project("{FAE04EC0-301F-11D3-BF4B-00C04F79EFBC}") = "ControlFlow", "ControlFlow\ControlFlow.csproj", "{69CB339C-36C1-45CA-BD9E-54814DF261B9}"
EndProject
Global
	GlobalSection(SolutionConfigurationPlatforms) = preSolution
		Debug|Any CPU = Debug|Any CPU
		Release|Any CPU = Release|Any CPU
	EndGlobalSection
	GlobalSection(ProjectConfigurationPlatforms) = postSolution
		{69CB339C-36C1-45CA-BD9E-54814DF261B9}.Debug|Any CPU.ActiveCfg = Debug|Any CPU
		{69CB339C-36C1-45CA-BD9E-54814DF261B9}.Debug|Any CPU.Build.0 = Debug|Any CPU
		{69CB339C-36C1-45CA-BD9E-54814DF261B9}.Release|Any CPU.ActiveCfg = Release|Any CPU
		{69CB339C-36C1-45CA-BD9E-54814DF261B9}.Release|Any CPU.Build.0 = Release|Any CPU
	EndGlobalSection
	GlobalSection(SolutionProperties) = preSolution
		HideSolutionNode = FALSE
	EndGlobalSection
	GlobalSection(ExtensibilityGlobals) = postSolution
		SolutionGuid = {089857E8-D063-40D5-9A7F-718B2A9B9CA5}
	EndGlobalSection
EndGlobal
