
Microsoft Visual Studio Solution File, Format Version 12.00
# Visual Studio Version 17
VisualStudioVersion = 17.6.33815.320
MinimumVisualStudioVersion = 10.0.40219.1
Project("{FAE04EC0-301F-11D3-BF4B-00C04F79EFBC}") = "WorkingWithText", "WorkingWithText\WorkingWithText.csproj", "{E1FE57F6-10D9-4F4A-BA23-A82B2F8AA806}"
EndProject
Global
	GlobalSection(SolutionConfigurationPlatforms) = preSolution
		Debug|Any CPU = Debug|Any CPU
		Release|Any CPU = Release|Any CPU
	EndGlobalSection
	GlobalSection(ProjectConfigurationPlatforms) = postSolution
		{E1FE57F6-10D9-4F4A-BA23-A82B2F8AA806}.Debug|Any CPU.ActiveCfg = Debug|Any CPU
		{E1FE57F6-10D9-4F4A-BA23-A82B2F8AA806}.Debug|Any CPU.Build.0 = Debug|Any CPU
		{E1FE57F6-10D9-4F4A-BA23-A82B2F8AA806}.Release|Any CPU.ActiveCfg = Release|Any CPU
		{E1FE57F6-10D9-4F4A-BA23-A82B2F8AA806}.Release|Any CPU.Build.0 = Release|Any CPU
	EndGlobalSection
	GlobalSection(SolutionProperties) = preSolution
		HideSolutionNode = FALSE
	EndGlobalSection
	GlobalSection(ExtensibilityGlobals) = postSolution
		SolutionGuid = {DD331490-9323-4A51-B69A-23C03A808EC9}
	EndGlobalSection
EndGlobal
